
Microsoft Visual Studio Solution File, Format Version 12.00
# Visual Studio 15
VisualStudioVersion = 15.0.27703.2026
MinimumVisualStudioVersion = 10.0.40219.1
Project("{9A19103F-16F7-4668-BE54-9A1E7A4F7556}") = "WorkoutApp.Web", "WorkoutApp\WorkoutApp.Web.csproj", "{8EACEC30-4F6A-47C8-939B-33B43ED0CD0E}"
EndProject
Project("{FAE04EC0-301F-11D3-BF4B-00C04F79EFBC}") = "WorkoutApp.Domain", "WorkoutApp.Domain\WorkoutApp.Domain.csproj", "{A9D81B0A-BB96-43FA-94AC-E59554E83F7F}"
EndProject
Project("{FAE04EC0-301F-11D3-BF4B-00C04F79EFBC}") = "WorkoutApp.Infrastructure", "WorkoutApp.Infrastructure\WorkoutApp.Infrastructure.csproj", "{D43D6E1A-540B-4E4C-928C-2FC3961F70EB}"
EndProject
Project("{FAE04EC0-301F-11D3-BF4B-00C04F79EFBC}") = "WorkoutApp.Service", "WorkoutApp.Service\WorkoutApp.Service.csproj", "{E395958F-B078-41A4-9F76-7BAA88BD13F2}"
EndProject
Global
	GlobalSection(SolutionConfigurationPlatforms) = preSolution
		Debug|Any CPU = Debug|Any CPU
		Release|Any CPU = Release|Any CPU
	EndGlobalSection
	GlobalSection(ProjectConfigurationPlatforms) = postSolution
		{8EACEC30-4F6A-47C8-939B-33B43ED0CD0E}.Debug|Any CPU.ActiveCfg = Debug|Any CPU
		{8EACEC30-4F6A-47C8-939B-33B43ED0CD0E}.Debug|Any CPU.Build.0 = Debug|Any CPU
		{8EACEC30-4F6A-47C8-939B-33B43ED0CD0E}.Release|Any CPU.ActiveCfg = Release|Any CPU
		{8EACEC30-4F6A-47C8-939B-33B43ED0CD0E}.Release|Any CPU.Build.0 = Release|Any CPU
		{A9D81B0A-BB96-43FA-94AC-E59554E83F7F}.Debug|Any CPU.ActiveCfg = Debug|Any CPU
		{A9D81B0A-BB96-43FA-94AC-E59554E83F7F}.Debug|Any CPU.Build.0 = Debug|Any CPU
		{A9D81B0A-BB96-43FA-94AC-E59554E83F7F}.Release|Any CPU.ActiveCfg = Release|Any CPU
		{A9D81B0A-BB96-43FA-94AC-E59554E83F7F}.Release|Any CPU.Build.0 = Release|Any CPU
		{D43D6E1A-540B-4E4C-928C-2FC3961F70EB}.Debug|Any CPU.ActiveCfg = Debug|Any CPU
		{D43D6E1A-540B-4E4C-928C-2FC3961F70EB}.Debug|Any CPU.Build.0 = Debug|Any CPU
		{D43D6E1A-540B-4E4C-928C-2FC3961F70EB}.Release|Any CPU.ActiveCfg = Release|Any CPU
		{D43D6E1A-540B-4E4C-928C-2FC3961F70EB}.Release|Any CPU.Build.0 = Release|Any CPU
		{E395958F-B078-41A4-9F76-7BAA88BD13F2}.Debug|Any CPU.ActiveCfg = Debug|Any CPU
		{E395958F-B078-41A4-9F76-7BAA88BD13F2}.Debug|Any CPU.Build.0 = Debug|Any CPU
		{E395958F-B078-41A4-9F76-7BAA88BD13F2}.Release|Any CPU.ActiveCfg = Release|Any CPU
		{E395958F-B078-41A4-9F76-7BAA88BD13F2}.Release|Any CPU.Build.0 = Release|Any CPU
	EndGlobalSection
	GlobalSection(SolutionProperties) = preSolution
		HideSolutionNode = FALSE
	EndGlobalSection
	GlobalSection(ExtensibilityGlobals) = postSolution
		SolutionGuid = {08A3FF31-6957-4197-82C6-E582B0E8272A}
	EndGlobalSection
EndGlobal
